Microsoft Visual Studio Solution File, Format Version 12.00
# Visual Studio Version 17
VisualStudioVersion = 17.5.2.0
MinimumVisualStudioVersion = 10.0.40219.1
Project("{FAE04EC0-301F-11D3-BF4B-00C04F79EFBC}") = "DanskeBank.Tests", "DanskeBank.Tests.csproj", "{0615D475-06A3-DD4C-43DA-017F74C2CE1F}"
EndProject
Global
	GlobalSection(SolutionConfigurationPlatforms) = preSolution
		Debug|Any CPU = Debug|Any CPU
		Release|Any CPU = Release|Any CPU
	EndGlobalSection
	GlobalSection(ProjectConfigurationPlatforms) = postSolution
		{0615D475-06A3-DD4C-43DA-017F74C2CE1F}.Debug|Any CPU.ActiveCfg = Debug|Any CPU
		{0615D475-06A3-DD4C-43DA-017F74C2CE1F}.Debug|Any CPU.Build.0 = Debug|Any CPU
		{0615D475-06A3-DD4C-43DA-017F74C2CE1F}.Release|Any CPU.ActiveCfg = Release|Any CPU
		{0615D475-06A3-DD4C-43DA-017F74C2CE1F}.Release|Any CPU.Build.0 = Release|Any CPU
	EndGlobalSection
	GlobalSection(SolutionProperties) = preSolution
		HideSolutionNode = FALSE
	EndGlobalSection
	GlobalSection(ExtensibilityGlobals) = postSolution
		SolutionGuid = {94257318-19B9-4542-B08D-C4C86DCBB1F1}
	EndGlobalSection
EndGlobal
